
Microsoft Visual Studio Solution File, Format Version 11.00
# Visual Studio 2010
Project("{FAE04EC0-301F-11D3-BF4B-00C04F79EFBC}") = "World_1", "Assembly-CSharp.csproj", "{9405E285-8D6C-BFD0-AFB3-0F723F5A3EC8}"
EndProject
Project("{FAE04EC0-301F-11D3-BF4B-00C04F79EFBC}") = "World_1", "Assembly-CSharp-firstpass.csproj", "{4ED0AE04-E464-2B51-E5E4-2A44ECDFEA38}"
EndProject
Project("{FAE04EC0-301F-11D3-BF4B-00C04F79EFBC}") = "World_1", "Assembly-CSharp-Editor-firstpass.csproj", "{B1F22F27-C44D-DD58-6CA2-8F2EB9A7C0E5}"
EndProject
Project("{FAE04EC0-301F-11D3-BF4B-00C04F79EFBC}") = "World_1", "Assembly-CSharp-Editor.csproj", "{9B408310-8F20-F858-5AE3-34D5BAE90C81}"
EndProject
Global
	GlobalSection(SolutionConfigurationPlatforms) = preSolution
		Debug|Any CPU = Debug|Any CPU
		Release|Any CPU = Release|Any CPU
	EndGlobalSection
	GlobalSection(ProjectConfigurationPlatforms) = postSolution
		{9405E285-8D6C-BFD0-AFB3-0F723F5A3EC8}.Debug|Any CPU.ActiveCfg = Debug|Any CPU
		{9405E285-8D6C-BFD0-AFB3-0F723F5A3EC8}.Debug|Any CPU.Build.0 = Debug|Any CPU
		{9405E285-8D6C-BFD0-AFB3-0F723F5A3EC8}.Release|Any CPU.ActiveCfg = Release|Any CPU
		{9405E285-8D6C-BFD0-AFB3-0F723F5A3EC8}.Release|Any CPU.Build.0 = Release|Any CPU
		{4ED0AE04-E464-2B51-E5E4-2A44ECDFEA38}.Debug|Any CPU.ActiveCfg = Debug|Any CPU
		{4ED0AE04-E464-2B51-E5E4-2A44ECDFEA38}.Debug|Any CPU.Build.0 = Debug|Any CPU
		{4ED0AE04-E464-2B51-E5E4-2A44ECDFEA38}.Release|Any CPU.ActiveCfg = Release|Any CPU
		{4ED0AE04-E464-2B51-E5E4-2A44ECDFEA38}.Release|Any CPU.Build.0 = Release|Any CPU
		{B1F22F27-C44D-DD58-6CA2-8F2EB9A7C0E5}.Debug|Any CPU.ActiveCfg = Debug|Any CPU
		{B1F22F27-C44D-DD58-6CA2-8F2EB9A7C0E5}.Debug|Any CPU.Build.0 = Debug|Any CPU
		{B1F22F27-C44D-DD58-6CA2-8F2EB9A7C0E5}.Release|Any CPU.ActiveCfg = Release|Any CPU
		{B1F22F27-C44D-DD58-6CA2-8F2EB9A7C0E5}.Release|Any CPU.Build.0 = Release|Any CPU
		{9B408310-8F20-F858-5AE3-34D5BAE90C81}.Debug|Any CPU.ActiveCfg = Debug|Any CPU
		{9B408310-8F20-F858-5AE3-34D5BAE90C81}.Debug|Any CPU.Build.0 = Debug|Any CPU
		{9B408310-8F20-F858-5AE3-34D5BAE90C81}.Release|Any CPU.ActiveCfg = Release|Any CPU
		{9B408310-8F20-F858-5AE3-34D5BAE90C81}.Release|Any CPU.Build.0 = Release|Any CPU
	EndGlobalSection
	GlobalSection(SolutionProperties) = preSolution
		HideSolutionNode = FALSE
	EndGlobalSection
	GlobalSection(MonoDevelopProperties) = preSolution
		StartupItem = Assembly-CSharp.csproj
	EndGlobalSection
EndGlobal
